// !$*UTF8*$!
{
	archiveVersion = 1;
	classes = {
	};
	objectVersion = 77;
	objects = {

/* Begin PBXBuildFile section */
		8A1C210A2F731D3700C68913 /* Papra MobileShareExtension.appex in Embed App Extensions */ = {isa = PBXBuildFile; fileRef = 8A1C21012F731D3700C68913 /* Papra MobileShareExtension.appex */; settings = {ATTRIBUTES = (RemoveHeadersOnCopy, ); }; };
/* End PBXBuildFile section */

/* Begin PBXContainerItemProxy section */
		1EC73CDB2F731D3700C68913 /* PBXContainerItemProxy */ = {
			isa = PBXContainerItemProxy;
			containerPortal = 1EC73CC52F731D3600C68913 /* Project object */;
			proxyType = 1;
			remoteGlobalIDString = 1EC73CCC2F731D3600C68913;
			remoteInfo = "Papra Mobile";
		};
		1EC73CE52F731D3700C68913 /* PBXContainerItemProxy */ = {
			isa = PBXContainerItemProxy;
			containerPortal = 1EC73CC52F731D3600C68913 /* Project object */;
			proxyType = 1;
			remoteGlobalIDString = 1EC73CCC2F731D3600C68913;
			remoteInfo = "Papra Mobile";
		};
		8A1C210B2F731D3700C68913 /* PBXContainerItemProxy */ = {
			isa = PBXContainerItemProxy;
			containerPortal = 1EC73CC52F731D3600C68913 /* Project object */;
			proxyType = 1;
			remoteGlobalIDString = 8A1C21002F731D3700C68913;
			remoteInfo = "Papra MobileShareExtension";
		};
/* End PBXContainerItemProxy section */

/* Begin PBXCopyFilesBuildPhase section */
		8A1C210C2F731D3700C68913 /* Embed App Extensions */ = {
			isa = PBXCopyFilesBuildPhase;
			buildActionMask = 2147483647;
			dstPath = "";
			dstSubfolderSpec = 13;
			files = (
				8A1C210A2F731D3700C68913 /* Papra MobileShareExtension.appex in Embed App Extensions */,
			);
			name = "Embed App Extensions";
			runOnlyForDeploymentPostprocessing = 0;
		};
/* End PBXCopyFilesBuildPhase section */

/* Begin PBXFileReference section */
		1EC73CCD2F731D3600C68913 /* Papra Mobile.app */ = {isa = PBXFileReference; explicitFileType = wrapper.application; includeInIndex = 0; path = "Papra Mobile.app"; sourceTree = BUILT_PRODUCTS_DIR; };
		1EC73CDA2F731D3700C68913 /* Papra MobileTests.xctest */ = {isa = PBXFileReference; explicitFileType = wrapper.cfbundle; includeInIndex = 0; path = "Papra MobileTests.xctest"; sourceTree = BUILT_PRODUCTS_DIR; };
		1EC73CE42F731D3700C68913 /* Papra MobileUITests.xctest */ = {isa = PBXFileReference; explicitFileType = wrapper.cfbundle; includeInIndex = 0; path = "Papra MobileUITests.xctest"; sourceTree = BUILT_PRODUCTS_DIR; };
		8A1C21012F731D3700C68913 /* Papra MobileShareExtension.appex */ = {isa = PBXFileReference; explicitFileType = "wrapper.app-extension"; includeInIndex = 0; path = "Papra MobileShareExtension.appex"; sourceTree = BUILT_PRODUCTS_DIR; };
/* End PBXFileReference section */

/* Begin PBXFileSystemSynchronizedRootGroup section */
		1EC73CCF2F731D3600C68913 /* Papra Mobile */ = {
			isa = PBXFileSystemSynchronizedRootGroup;
			path = "Papra Mobile";
			sourceTree = "<group>";
		};
		1EC73CDD2F731D3700C68913 /* Papra MobileTests */ = {
			isa = PBXFileSystemSynchronizedRootGroup;
			path = "Papra MobileTests";
			sourceTree = "<group>";
		};
		1EC73CE72F731D3700C68913 /* Papra MobileUITests */ = {
			isa = PBXFileSystemSynchronizedRootGroup;
			path = "Papra MobileUITests";
			sourceTree = "<group>";
		};
		8A1C21022F731D3700C68913 /* Papra MobileShareExtension */ = {
			isa = PBXFileSystemSynchronizedRootGroup;
			path = "Papra MobileShareExtension";
			sourceTree = "<group>";
		};
/* End PBXFileSystemSynchronizedRootGroup section */

/* Begin PBXFrameworksBuildPhase section */
		1EC73CCA2F731D3600C68913 /* Frameworks */ = {
			isa = PBXFrameworksBuildPhase;
			buildActionMask = 2147483647;
			files = (
			);
			runOnlyForDeploymentPostprocessing = 0;
		};
		1EC73CD72F731D3700C68913 /* Frameworks */ = {
			isa = PBXFrameworksBuildPhase;
			buildActionMask = 2147483647;
			files = (
			);
			runOnlyForDeploymentPostprocessing = 0;
		};
		1EC73CE12F731D3700C68913 /* Frameworks */ = {
			isa = PBXFrameworksBuildPhase;
			buildActionMask = 2147483647;
			files = (
			);
			runOnlyForDeploymentPostprocessing = 0;
		};
		8A1C21052F731D3700C68913 /* Frameworks */ = {
			isa = PBXFrameworksBuildPhase;
			buildActionMask = 2147483647;
			files = (
			);
			runOnlyForDeploymentPostprocessing = 0;
		};
/* End PBXFrameworksBuildPhase section */

/* Begin PBXGroup section */
		1EC73CC42F731D3600C68913 = {
			isa = PBXGroup;
			children = (
				1EC73CCF2F731D3600C68913 /* Papra Mobile */,
				1EC73CDD2F731D3700C68913 /* Papra MobileTests */,
				1EC73CE72F731D3700C68913 /* Papra MobileUITests */,
				8A1C21022F731D3700C68913 /* Papra MobileShareExtension */,
				1EC73CCE2F731D3600C68913 /* Products */,
			);
			sourceTree = "<group>";
		};
		1EC73CCE2F731D3600C68913 /* Products */ = {
			isa = PBXGroup;
			children = (
				1EC73CCD2F731D3600C68913 /* Papra Mobile.app */,
				1EC73CDA2F731D3700C68913 /* Papra MobileTests.xctest */,
				1EC73CE42F731D3700C68913 /* Papra MobileUITests.xctest */,
				8A1C21012F731D3700C68913 /* Papra MobileShareExtension.appex */,
			);
			name = Products;
			sourceTree = "<group>";
		};
/* End PBXGroup section */

/* Begin PBXNativeTarget section */
		1EC73CCC2F731D3600C68913 /* Papra Mobile */ = {
			isa = PBXNativeTarget;
			buildConfigurationList = 1EC73CEE2F731D3700C68913 /* Build configuration list for PBXNativeTarget "Papra Mobile" */;
			buildPhases = (
				1EC73CC92F731D3600C68913 /* Sources */,
				1EC73CCA2F731D3600C68913 /* Frameworks */,
				1EC73CCB2F731D3600C68913 /* Resources */,
				8A1C210C2F731D3700C68913 /* Embed App Extensions */,
			);
			buildRules = (
			);
			dependencies = (
				8A1C210D2F731D3700C68913 /* PBXTargetDependency */,
			);
			fileSystemSynchronizedGroups = (
				1EC73CCF2F731D3600C68913 /* Papra Mobile */,
			);
			name = "Papra Mobile";
			packageProductDependencies = (
			);
			productName = "Papra Mobile";
			productReference = 1EC73CCD2F731D3600C68913 /* Papra Mobile.app */;
			productType = "com.apple.product-type.application";
		};
		1EC73CD92F731D3700C68913 /* Papra MobileTests */ = {
			isa = PBXNativeTarget;
			buildConfigurationList = 1EC73CF12F731D3700C68913 /* Build configuration list for PBXNativeTarget "Papra MobileTests" */;
			buildPhases = (
				1EC73CD62F731D3700C68913 /* Sources */,
				1EC73CD72F731D3700C68913 /* Frameworks */,
				1EC73CD82F731D3700C68913 /* Resources */,
			);
			buildRules = (
			);
			dependencies = (
				1EC73CDC2F731D3700C68913 /* PBXTargetDependency */,
			);
			fileSystemSynchronizedGroups = (
				1EC73CDD2F731D3700C68913 /* Papra MobileTests */,
			);
			name = "Papra MobileTests";
			packageProductDependencies = (
			);
			productName = "Papra MobileTests";
			productReference = 1EC73CDA2F731D3700C68913 /* Papra MobileTests.xctest */;
			productType = "com.apple.product-type.bundle.unit-test";
		};
		1EC73CE32F731D3700C68913 /* Papra MobileUITests */ = {
			isa = PBXNativeTarget;
			buildConfigurationList = 1EC73CF42F731D3700C68913 /* Build configuration list for PBXNativeTarget "Papra MobileUITests" */;
			buildPhases = (
				1EC73CE02F731D3700C68913 /* Sources */,
				1EC73CE12F731D3700C68913 /* Frameworks */,
				1EC73CE22F731D3700C68913 /* Resources */,
			);
			buildRules = (
			);
			dependencies = (
				1EC73CE62F731D3700C68913 /* PBXTargetDependency */,
			);
			fileSystemSynchronizedGroups = (
				1EC73CE72F731D3700C68913 /* Papra MobileUITests */,
			);
			name = "Papra MobileUITests";
			packageProductDependencies = (
			);
			productName = "Papra MobileUITests";
			productReference = 1EC73CE42F731D3700C68913 /* Papra MobileUITests.xctest */;
			productType = "com.apple.product-type.bundle.ui-testing";
		};
		8A1C21002F731D3700C68913 /* Papra MobileShareExtension */ = {
			isa = PBXNativeTarget;
			buildConfigurationList = 8A1C21122F731D3700C68913 /* Build configuration list for PBXNativeTarget "Papra MobileShareExtension" */;
			buildPhases = (
				8A1C21042F731D3700C68913 /* Sources */,
				8A1C21052F731D3700C68913 /* Frameworks */,
				8A1C21062F731D3700C68913 /* Resources */,
			);
			buildRules = (
			);
			dependencies = (
			);
			fileSystemSynchronizedGroups = (
				8A1C21022F731D3700C68913 /* Papra MobileShareExtension */,
			);
			name = "Papra MobileShareExtension";
			packageProductDependencies = (
			);
			productName = "Papra MobileShareExtension";
			productReference = 8A1C21012F731D3700C68913 /* Papra MobileShareExtension.appex */;
			productType = "com.apple.product-type.app-extension";
		};
/* End PBXNativeTarget section */

/* Begin PBXProject section */
		1EC73CC52F731D3600C68913 /* Project object */ = {
			isa = PBXProject;
			attributes = {
				BuildIndependentTargetsInParallel = 1;
				LastSwiftUpdateCheck = 2630;
				LastUpgradeCheck = 2630;
				TargetAttributes = {
					1EC73CCC2F731D3600C68913 = {
						CreatedOnToolsVersion = 26.3;
					};
					1EC73CD92F731D3700C68913 = {
						CreatedOnToolsVersion = 26.3;
						TestTargetID = 1EC73CCC2F731D3600C68913;
					};
					1EC73CE32F731D3700C68913 = {
						CreatedOnToolsVersion = 26.3;
						TestTargetID = 1EC73CCC2F731D3600C68913;
					};
				};
			};
			buildConfigurationList = 1EC73CC82F731D3600C68913 /* Build configuration list for PBXProject "Papra Mobile" */;
			developmentRegion = en;
			hasScannedForEncodings = 0;
			knownRegions = (
				en,
				Base,
			);
			mainGroup = 1EC73CC42F731D3600C68913;
			minimizedProjectReferenceProxies = 1;
			preferredProjectObjectVersion = 77;
			productRefGroup = 1EC73CCE2F731D3600C68913 /* Products */;
			projectDirPath = "";
			projectRoot = "";
			targets = (
				1EC73CCC2F731D3600C68913 /* Papra Mobile */,
				1EC73CD92F731D3700C68913 /* Papra MobileTests */,
				1EC73CE32F731D3700C68913 /* Papra MobileUITests */,
				8A1C21002F731D3700C68913 /* Papra MobileShareExtension */,
			);
		};
/* End PBXProject section */

/* Begin PBXResourcesBuildPhase section */
		1EC73CCB2F731D3600C68913 /* Resources */ = {
			isa = PBXResourcesBuildPhase;
			buildActionMask = 2147483647;
			files = (
			);
			runOnlyForDeploymentPostprocessing = 0;
		};
		1EC73CD82F731D3700C68913 /* Resources */ = {
			isa = PBXResourcesBuildPhase;
			buildActionMask = 2147483647;
			files = (
			);
			runOnlyForDeploymentPostprocessing = 0;
		};
		1EC73CE22F731D3700C68913 /* Resources */ = {
			isa = PBXResourcesBuildPhase;
			buildActionMask = 2147483647;
			files = (
			);
			runOnlyForDeploymentPostprocessing = 0;
		};
		8A1C21062F731D3700C68913 /* Resources */ = {
			isa = PBXResourcesBuildPhase;
			buildActionMask = 2147483647;
			files = (
			);
			runOnlyForDeploymentPostprocessing = 0;
		};
/* End PBXResourcesBuildPhase section */

/* Begin PBXSourcesBuildPhase section */
		1EC73CC92F731D3600C68913 /* Sources */ = {
			isa = PBXSourcesBuildPhase;
			buildActionMask = 2147483647;
			files = (
			);
			runOnlyForDeploymentPostprocessing = 0;
		};
		1EC73CD62F731D3700C68913 /* Sources */ = {
			isa = PBXSourcesBuildPhase;
			buildActionMask = 2147483647;
			files = (
			);
			runOnlyForDeploymentPostprocessing = 0;
		};
		1EC73CE02F731D3700C68913 /* Sources */ = {
			isa = PBXSourcesBuildPhase;
			buildActionMask = 2147483647;
			files = (
			);
			runOnlyForDeploymentPostprocessing = 0;
		};
		8A1C21042F731D3700C68913 /* Sources */ = {
			isa = PBXSourcesBuildPhase;
			buildActionMask = 2147483647;
			files = (
			);
			runOnlyForDeploymentPostprocessing = 0;
		};
/* End PBXSourcesBuildPhase section */

/* Begin PBXTargetDependency section */
		1EC73CDC2F731D3700C68913 /* PBXTargetDependency */ = {
			isa = PBXTargetDependency;
			target = 1EC73CCC2F731D3600C68913 /* Papra Mobile */;
			targetProxy = 1EC73CDB2F731D3700C68913 /* PBXContainerItemProxy */;
		};
		1EC73CE62F731D3700C68913 /* PBXTargetDependency */ = {
			isa = PBXTargetDependency;
			target = 1EC73CCC2F731D3600C68913 /* Papra Mobile */;
			targetProxy = 1EC73CE52F731D3700C68913 /* PBXContainerItemProxy */;
		};
		8A1C210D2F731D3700C68913 /* PBXTargetDependency */ = {
			isa = PBXTargetDependency;
			target = 8A1C21002F731D3700C68913 /* Papra MobileShareExtension */;
			targetProxy = 8A1C210B2F731D3700C68913 /* PBXContainerItemProxy */;
		};
/* End PBXTargetDependency section */

/* Begin XCBuildConfiguration section */
		1EC73CEC2F731D3700C68913 /* Debug */ = {
			isa = XCBuildConfiguration;
			buildSettings = {
				ALWAYS_SEARCH_USER_PATHS = NO;
				ASSETCATALOG_COMPILER_GENERATE_SWIFT_ASSET_SYMBOL_EXTENSIONS = YES;
				CLANG_ANALYZER_NONNULL = YES;
				CLANG_ANALYZER_NUMBER_OBJECT_CONVERSION = YES_AGGRESSIVE;
				CLANG_CXX_LANGUAGE_STANDARD = "gnu++20";
				CLANG_ENABLE_MODULES = YES;
				CLANG_ENABLE_OBJC_ARC = YES;
				CLANG_ENABLE_OBJC_WEAK = YES;
				CLANG_WARN_BLOCK_CAPTURE_AUTORELEASING = YES;
				CLANG_WARN_BOOL_CONVERSION = YES;
				CLANG_WARN_COMMA = YES;
				CLANG_WARN_CONSTANT_CONVERSION = YES;
				CLANG_WARN_DEPRECATED_OBJC_IMPLEMENTATIONS = YES;
				CLANG_WARN_DIRECT_OBJC_ISA_USAGE = YES_ERROR;
				CLANG_WARN_DOCUMENTATION_COMMENTS = YES;
				CLANG_WARN_EMPTY_BODY = YES;
				CLANG_WARN_ENUM_CONVERSION = YES;
				CLANG_WARN_INFINITE_RECURSION = YES;
				CLANG_WARN_INT_CONVERSION = YES;
				CLANG_WARN_NON_LITERAL_NULL_CONVERSION = YES;
				CLANG_WARN_OBJC_IMPLICIT_RETAIN_SELF = YES;
				CLANG_WARN_OBJC_LITERAL_CONVERSION = YES;
				CLANG_WARN_OBJC_ROOT_CLASS = YES_ERROR;
				CLANG_WARN_QUOTED_INCLUDE_IN_FRAMEWORK_HEADER = YES;
				CLANG_WARN_RANGE_LOOP_ANALYSIS = YES;
				CLANG_WARN_STRICT_PROTOTYPES = YES;
				CLANG_WARN_SUSPICIOUS_MOVE = YES;
				CLANG_WARN_UNGUARDED_AVAILABILITY = YES_AGGRESSIVE;
				CLANG_WARN_UNREACHABLE_CODE = YES;
				CLANG_WARN__DUPLICATE_METHOD_MATCH = YES;
				COPY_PHASE_STRIP = NO;
				DEBUG_INFORMATION_FORMAT = dwarf;
				DEVELOPMENT_TEAM = 7PG8QB68KQ;
				ENABLE_STRICT_OBJC_MSGSEND = YES;
				ENABLE_TESTABILITY = YES;
				ENABLE_USER_SCRIPT_SANDBOXING = YES;
				GCC_C_LANGUAGE_STANDARD = gnu17;
				GCC_DYNAMIC_NO_PIC = NO;
				GCC_NO_COMMON_BLOCKS = YES;
				GCC_OPTIMIZATION_LEVEL = 0;
				GCC_PREPROCESSOR_DEFINITIONS = (
					"DEBUG=1",
					"$(inherited)",
				);
				GCC_WARN_64_TO_32_BIT_CONVERSION = YES;
				GCC_WARN_ABOUT_RETURN_TYPE = YES_ERROR;
				GCC_WARN_UNDECLARED_SELECTOR = YES;
				GCC_WARN_UNINITIALIZED_AUTOS = YES_AGGRESSIVE;
				GCC_WARN_UNUSED_FUNCTION = YES;
				GCC_WARN_UNUSED_VARIABLE = YES;
				IPHONEOS_DEPLOYMENT_TARGET = 26.2;
				LOCALIZATION_PREFERS_STRING_CATALOGS = YES;
				MTL_ENABLE_DEBUG_INFO = INCLUDE_SOURCE;
				MTL_FAST_MATH = YES;
				ONLY_ACTIVE_ARCH = YES;
				SDKROOT = iphoneos;
				SWIFT_ACTIVE_COMPILATION_CONDITIONS = "DEBUG $(inherited)";
				SWIFT_OPTIMIZATION_LEVEL = "-Onone";
			};
			name = Debug;
		};
		1EC73CED2F731D3700C68913 /* Release */ = {
			isa = XCBuildConfiguration;
			buildSettings = {
				ALWAYS_SEARCH_USER_PATHS = NO;
				ASSETCATALOG_COMPILER_GENERATE_SWIFT_ASSET_SYMBOL_EXTENSIONS = YES;
				CLANG_ANALYZER_NONNULL = YES;
				CLANG_ANALYZER_NUMBER_OBJECT_CONVERSION = YES_AGGRESSIVE;
				CLANG_CXX_LANGUAGE_STANDARD = "gnu++20";
				CLANG_ENABLE_MODULES = YES;
				CLANG_ENABLE_OBJC_ARC = YES;
				CLANG_ENABLE_OBJC_WEAK = YES;
				CLANG_WARN_BLOCK_CAPTURE_AUTORELEASING = YES;
				CLANG_WARN_BOOL_CONVERSION = YES;
				CLANG_WARN_COMMA = YES;
				CLANG_WARN_CONSTANT_CONVERSION = YES;
				CLANG_WARN_DEPRECATED_OBJC_IMPLEMENTATIONS = YES;
				CLANG_WARN_DIRECT_OBJC_ISA_USAGE = YES_ERROR;
				CLANG_WARN_DOCUMENTATION_COMMENTS = YES;
				CLANG_WARN_EMPTY_BODY = YES;
				CLANG_WARN_ENUM_CONVERSION = YES;
				CLANG_WARN_INFINITE_RECURSION = YES;
				CLANG_WARN_INT_CONVERSION = YES;
				CLANG_WARN_NON_LITERAL_NULL_CONVERSION = YES;
				CLANG_WARN_OBJC_IMPLICIT_RETAIN_SELF = YES;
				CLANG_WARN_OBJC_LITERAL_CONVERSION = YES;
				CLANG_WARN_OBJC_ROOT_CLASS = YES_ERROR;
				CLANG_WARN_QUOTED_INCLUDE_IN_FRAMEWORK_HEADER = YES;
				CLANG_WARN_RANGE_LOOP_ANALYSIS = YES;
				CLANG_WARN_STRICT_PROTOTYPES = YES;
				CLANG_WARN_SUSPICIOUS_MOVE = YES;
				CLANG_WARN_UNGUARDED_AVAILABILITY = YES_AGGRESSIVE;
				CLANG_WARN_UNREACHABLE_CODE = YES;
				CLANG_WARN__DUPLICATE_METHOD_MATCH = YES;
				COPY_PHASE_STRIP = NO;
				DEBUG_INFORMATION_FORMAT = "dwarf-with-dsym";
				DEVELOPMENT_TEAM = 7PG8QB68KQ;
				ENABLE_NS_ASSERTIONS = NO;
				ENABLE_STRICT_OBJC_MSGSEND = YES;
				ENABLE_USER_SCRIPT_SANDBOXING = YES;
				GCC_C_LANGUAGE_STANDARD = gnu17;
				GCC_NO_COMMON_BLOCKS = YES;
				GCC_WARN_64_TO_32_BIT_CONVERSION = YES;
				GCC_WARN_ABOUT_RETURN_TYPE = YES_ERROR;
				GCC_WARN_UNDECLARED_SELECTOR = YES;
				GCC_WARN_UNINITIALIZED_AUTOS = YES_AGGRESSIVE;
				GCC_WARN_UNUSED_FUNCTION = YES;
				GCC_WARN_UNUSED_VARIABLE = YES;
				IPHONEOS_DEPLOYMENT_TARGET = 26.2;
				LOCALIZATION_PREFERS_STRING_CATALOGS = YES;
				MTL_ENABLE_DEBUG_INFO = NO;
				MTL_FAST_MATH = YES;
				SDKROOT = iphoneos;
				SWIFT_COMPILATION_MODE = wholemodule;
				VALIDATE_PRODUCT = YES;
			};
			name = Release;
		};
		1EC73CEF2F731D3700C68913 /* Debug */ = {
			isa = XCBuildConfiguration;
			buildSettings = {
				ASSETCATALOG_COMPILER_APPICON_NAME = AppIcon;
				ASSETCATALOG_COMPILER_GLOBAL_ACCENT_COLOR_NAME = AccentColor;
				CODE_SIGN_ENTITLEMENTS = "Papra Mobile/Papra Mobile.entitlements";
				CODE_SIGN_STYLE = Automatic;
				CURRENT_PROJECT_VERSION = 1;
				DEVELOPMENT_TEAM = 7PG8QB68KQ;
				ENABLE_PREVIEWS = YES;
				GENERATE_INFOPLIST_FILE = YES;
				INFOPLIST_KEY_UIApplicationSceneManifest_Generation = YES;
				INFOPLIST_KEY_UIApplicationSupportsIndirectInputEvents = YES;
				INFOPLIST_KEY_UILaunchScreen_Generation = YES;
				INFOPLIST_KEY_UISupportedInterfaceOrientations_iPad = "UIInterfaceOrientationPortrait UIInterfaceOrientationPortraitUpsideDown UIInterfaceOrientationLandscapeLeft UIInterfaceOrientationLandscapeRight";
				INFOPLIST_KEY_UISupportedInterfaceOrientations_iPhone = "UIInterfaceOrientationPortrait UIInterfaceOrientationLandscapeLeft UIInterfaceOrientationLandscapeRight";
				LD_RUNPATH_SEARCH_PATHS = (
					"$(inherited)",
					"@executable_path/Frameworks",
				);
				MARKETING_VERSION = 1.0;
				PRODUCT_BUNDLE_IDENTIFIER = "sevenlayercookie.Papra-Mobile";
				PRODUCT_NAME = "$(TARGET_NAME)";
				STRING_CATALOG_GENERATE_SYMBOLS = YES;
				SWIFT_APPROACHABLE_CONCURRENCY = YES;
				SWIFT_DEFAULT_ACTOR_ISOLATION = MainActor;
				SWIFT_EMIT_LOC_STRINGS = YES;
				SWIFT_UPCOMING_FEATURE_MEMBER_IMPORT_VISIBILITY = YES;
				SWIFT_VERSION = 5.0;
				TARGETED_DEVICE_FAMILY = "1,2";
			};
			name = Debug;
		};
		1EC73CF02F731D3700C68913 /* Release */ = {
			isa = XCBuildConfiguration;
			buildSettings = {
				ASSETCATALOG_COMPILER_APPICON_NAME = AppIcon;
				ASSETCATALOG_COMPILER_GLOBAL_ACCENT_COLOR_NAME = AccentColor;
				CODE_SIGN_ENTITLEMENTS = "Papra Mobile/Papra Mobile.entitlements";
				CODE_SIGN_STYLE = Automatic;
				CURRENT_PROJECT_VERSION = 1;
				DEVELOPMENT_TEAM = 7PG8QB68KQ;
				ENABLE_PREVIEWS = YES;
				GENERATE_INFOPLIST_FILE = YES;
				INFOPLIST_KEY_UIApplicationSceneManifest_Generation = YES;
				INFOPLIST_KEY_UIApplicationSupportsIndirectInputEvents = YES;
				INFOPLIST_KEY_UILaunchScreen_Generation = YES;
				INFOPLIST_KEY_UISupportedInterfaceOrientations_iPad = "UIInterfaceOrientationPortrait UIInterfaceOrientationPortraitUpsideDown UIInterfaceOrientationLandscapeLeft UIInterfaceOrientationLandscapeRight";
				INFOPLIST_KEY_UISupportedInterfaceOrientations_iPhone = "UIInterfaceOrientationPortrait UIInterfaceOrientationLandscapeLeft UIInterfaceOrientationLandscapeRight";
				LD_RUNPATH_SEARCH_PATHS = (
					"$(inherited)",
					"@executable_path/Frameworks",
				);
				MARKETING_VERSION = 1.0;
				PRODUCT_BUNDLE_IDENTIFIER = "sevenlayercookie.Papra-Mobile";
				PRODUCT_NAME = "$(TARGET_NAME)";
				STRING_CATALOG_GENERATE_SYMBOLS = YES;
				SWIFT_APPROACHABLE_CONCURRENCY = YES;
				SWIFT_DEFAULT_ACTOR_ISOLATION = MainActor;
				SWIFT_EMIT_LOC_STRINGS = YES;
				SWIFT_UPCOMING_FEATURE_MEMBER_IMPORT_VISIBILITY = YES;
				SWIFT_VERSION = 5.0;
				TARGETED_DEVICE_FAMILY = "1,2";
			};
			name = Release;
		};
		1EC73CF22F731D3700C68913 /* Debug */ = {
			isa = XCBuildConfiguration;
			buildSettings = {
				BUNDLE_LOADER = "$(TEST_HOST)";
				CODE_SIGN_STYLE = Automatic;
				CURRENT_PROJECT_VERSION = 1;
				DEVELOPMENT_TEAM = 7PG8QB68KQ;
				GENERATE_INFOPLIST_FILE = YES;
				IPHONEOS_DEPLOYMENT_TARGET = 26.2;
				MARKETING_VERSION = 1.0;
				PRODUCT_BUNDLE_IDENTIFIER = "sevenlayercookie.Papra-MobileTests";
				PRODUCT_NAME = "$(TARGET_NAME)";
				STRING_CATALOG_GENERATE_SYMBOLS = NO;
				SWIFT_APPROACHABLE_CONCURRENCY = YES;
				SWIFT_EMIT_LOC_STRINGS = NO;
				SWIFT_UPCOMING_FEATURE_MEMBER_IMPORT_VISIBILITY = YES;
				SWIFT_VERSION = 5.0;
				TARGETED_DEVICE_FAMILY = "1,2";
				TEST_HOST = "$(BUILT_PRODUCTS_DIR)/Papra Mobile.app/$(BUNDLE_EXECUTABLE_FOLDER_PATH)/Papra Mobile";
			};
			name = Debug;
		};
		1EC73CF32F731D3700C68913 /* Release */ = {
			isa = XCBuildConfiguration;
			buildSettings = {
				BUNDLE_LOADER = "$(TEST_HOST)";
				CODE_SIGN_STYLE = Automatic;
				CURRENT_PROJECT_VERSION = 1;
				DEVELOPMENT_TEAM = 7PG8QB68KQ;
				GENERATE_INFOPLIST_FILE = YES;
				IPHONEOS_DEPLOYMENT_TARGET = 26.2;
				MARKETING_VERSION = 1.0;
				PRODUCT_BUNDLE_IDENTIFIER = "sevenlayercookie.Papra-MobileTests";
				PRODUCT_NAME = "$(TARGET_NAME)";
				STRING_CATALOG_GENERATE_SYMBOLS = NO;
				SWIFT_APPROACHABLE_CONCURRENCY = YES;
				SWIFT_EMIT_LOC_STRINGS = NO;
				SWIFT_UPCOMING_FEATURE_MEMBER_IMPORT_VISIBILITY = YES;
				SWIFT_VERSION = 5.0;
				TARGETED_DEVICE_FAMILY = "1,2";
				TEST_HOST = "$(BUILT_PRODUCTS_DIR)/Papra Mobile.app/$(BUNDLE_EXECUTABLE_FOLDER_PATH)/Papra Mobile";
			};
			name = Release;
		};
		1EC73CF52F731D3700C68913 /* Debug */ = {
			isa = XCBuildConfiguration;
			buildSettings = {
				CODE_SIGN_STYLE = Automatic;
				CURRENT_PROJECT_VERSION = 1;
				DEVELOPMENT_TEAM = 7PG8QB68KQ;
				GENERATE_INFOPLIST_FILE = YES;
				MARKETING_VERSION = 1.0;
				PRODUCT_BUNDLE_IDENTIFIER = "sevenlayercookie.Papra-MobileUITests";
				PRODUCT_NAME = "$(TARGET_NAME)";
				STRING_CATALOG_GENERATE_SYMBOLS = NO;
				SWIFT_APPROACHABLE_CONCURRENCY = YES;
				SWIFT_EMIT_LOC_STRINGS = NO;
				SWIFT_UPCOMING_FEATURE_MEMBER_IMPORT_VISIBILITY = YES;
				SWIFT_VERSION = 5.0;
				TARGETED_DEVICE_FAMILY = "1,2";
				TEST_TARGET_NAME = "Papra Mobile";
			};
			name = Debug;
		};
		1EC73CF62F731D3700C68913 /* Release */ = {
			isa = XCBuildConfiguration;
			buildSettings = {
				CODE_SIGN_STYLE = Automatic;
				CURRENT_PROJECT_VERSION = 1;
				DEVELOPMENT_TEAM = 7PG8QB68KQ;
				GENERATE_INFOPLIST_FILE = YES;
				MARKETING_VERSION = 1.0;
				PRODUCT_BUNDLE_IDENTIFIER = "sevenlayercookie.Papra-MobileUITests";
				PRODUCT_NAME = "$(TARGET_NAME)";
				STRING_CATALOG_GENERATE_SYMBOLS = NO;
				SWIFT_APPROACHABLE_CONCURRENCY = YES;
				SWIFT_EMIT_LOC_STRINGS = NO;
				SWIFT_UPCOMING_FEATURE_MEMBER_IMPORT_VISIBILITY = YES;
				SWIFT_VERSION = 5.0;
				TARGETED_DEVICE_FAMILY = "1,2";
				TEST_TARGET_NAME = "Papra Mobile";
			};
			name = Release;
		};
		8A1C21102F731D3700C68913 /* Debug */ = {
			isa = XCBuildConfiguration;
			buildSettings = {
				APPLICATION_EXTENSION_API_ONLY = YES;
				CODE_SIGN_ENTITLEMENTS = "Papra MobileShareExtension/Papra MobileShareExtension.entitlements";
				CODE_SIGN_STYLE = Automatic;
				CURRENT_PROJECT_VERSION = 1;
				DEVELOPMENT_TEAM = 7PG8QB68KQ;
				GENERATE_INFOPLIST_FILE = NO;
				INFOPLIST_FILE = "Papra MobileShareExtension-Info.plist";
				IPHONEOS_DEPLOYMENT_TARGET = 26.2;
				LD_RUNPATH_SEARCH_PATHS = (
					"$(inherited)",
					"@executable_path/Frameworks",
					"@executable_path/../../Frameworks",
				);
				MARKETING_VERSION = 1.0;
				PRODUCT_BUNDLE_IDENTIFIER = "sevenlayercookie.Papra-Mobile.ShareExtension";
				PRODUCT_NAME = "$(TARGET_NAME)";
				SKIP_INSTALL = YES;
				STRING_CATALOG_GENERATE_SYMBOLS = NO;
				SWIFT_APPROACHABLE_CONCURRENCY = YES;
				SWIFT_EMIT_LOC_STRINGS = NO;
				SWIFT_UPCOMING_FEATURE_MEMBER_IMPORT_VISIBILITY = YES;
				SWIFT_VERSION = 5.0;
				TARGETED_DEVICE_FAMILY = "1,2";
			};
			name = Debug;
		};
		8A1C21112F731D3700C68913 /* Release */ = {
			isa = XCBuildConfiguration;
			buildSettings = {
				APPLICATION_EXTENSION_API_ONLY = YES;
				CODE_SIGN_ENTITLEMENTS = "Papra MobileShareExtension/Papra MobileShareExtension.entitlements";
				CODE_SIGN_STYLE = Automatic;
				CURRENT_PROJECT_VERSION = 1;
				DEVELOPMENT_TEAM = 7PG8QB68KQ;
				GENERATE_INFOPLIST_FILE = NO;
				INFOPLIST_FILE = "Papra MobileShareExtension-Info.plist";
				IPHONEOS_DEPLOYMENT_TARGET = 26.2;
				LD_RUNPATH_SEARCH_PATHS = (
					"$(inherited)",
					"@executable_path/Frameworks",
					"@executable_path/../../Frameworks",
				);
				MARKETING_VERSION = 1.0;
				PRODUCT_BUNDLE_IDENTIFIER = "sevenlayercookie.Papra-Mobile.ShareExtension";
				PRODUCT_NAME = "$(TARGET_NAME)";
				SKIP_INSTALL = YES;
				STRING_CATALOG_GENERATE_SYMBOLS = NO;
				SWIFT_APPROACHABLE_CONCURRENCY = YES;
				SWIFT_EMIT_LOC_STRINGS = NO;
				SWIFT_UPCOMING_FEATURE_MEMBER_IMPORT_VISIBILITY = YES;
				SWIFT_VERSION = 5.0;
				TARGETED_DEVICE_FAMILY = "1,2";
			};
			name = Release;
		};
/* End XCBuildConfiguration section */

/* Begin XCConfigurationList section */
		1EC73CC82F731D3600C68913 /* Build configuration list for PBXProject "Papra Mobile" */ = {
			isa = XCConfigurationList;
			buildConfigurations = (
				1EC73CEC2F731D3700C68913 /* Debug */,
				1EC73CED2F731D3700C68913 /* Release */,
			);
			defaultConfigurationIsVisible = 0;
			defaultConfigurationName = Release;
		};
		1EC73CEE2F731D3700C68913 /* Build configuration list for PBXNativeTarget "Papra Mobile" */ = {
			isa = XCConfigurationList;
			buildConfigurations = (
				1EC73CEF2F731D3700C68913 /* Debug */,
				1EC73CF02F731D3700C68913 /* Release */,
			);
			defaultConfigurationIsVisible = 0;
			defaultConfigurationName = Release;
		};
		1EC73CF12F731D3700C68913 /* Build configuration list for PBXNativeTarget "Papra MobileTests" */ = {
			isa = XCConfigurationList;
			buildConfigurations = (
				1EC73CF22F731D3700C68913 /* Debug */,
				1EC73CF32F731D3700C68913 /* Release */,
			);
			defaultConfigurationIsVisible = 0;
			defaultConfigurationName = Release;
		};
		1EC73CF42F731D3700C68913 /* Build configuration list for PBXNativeTarget "Papra MobileUITests" */ = {
			isa = XCConfigurationList;
			buildConfigurations = (
				1EC73CF52F731D3700C68913 /* Debug */,
				1EC73CF62F731D3700C68913 /* Release */,
			);
			defaultConfigurationIsVisible = 0;
			defaultConfigurationName = Release;
		};
		8A1C21122F731D3700C68913 /* Build configuration list for PBXNativeTarget "Papra MobileShareExtension" */ = {
			isa = XCConfigurationList;
			buildConfigurations = (
				8A1C21102F731D3700C68913 /* Debug */,
				8A1C21112F731D3700C68913 /* Release */,
			);
			defaultConfigurationIsVisible = 0;
			defaultConfigurationName = Release;
		};
/* End XCConfigurationList section */
	};
	rootObject = 1EC73CC52F731D3600C68913 /* Project object */;
}
